// !$*UTF8*$!
{
	archiveVersion = 1;
	classes = {
	};
	objectVersion = 46;
	objects = {

/* Begin PBXBuildFile section */
		154511B51AC48389001BED7F /* DiaTableViewController.m in Sources */ = {isa = PBXBuildFile; fileRef = 154511B41AC48389001BED7F /* DiaTableViewController.m */; };
		154511B81AC48E9F001BED7F /* ComidasTableViewController.m in Sources */ = {isa = PBXBuildFile; fileRef = 154511B71AC48E9F001BED7F /* ComidasTableViewController.m */; };
		154511BB1AC49576001BED7F /* GraficoView.m in Sources */ = {isa = PBXBuildFile; fileRef = 154511BA1AC49576001BED7F /* GraficoView.m */; };
		15FE515E1AC8AE4300407883 /* HojeSingleton.m in Sources */ = {isa = PBXBuildFile; fileRef = 15FE515D1AC8AE4300407883 /* HojeSingleton.m */; };
		15FE51611AC9C08700407883 /* HistoricoViewController.m in Sources */ = {isa = PBXBuildFile; fileRef = 15FE51601AC9C08700407883 /* HistoricoViewController.m */; };
		15FE51641AC9C3FF00407883 /* ConfigViewController.m in Sources */ = {isa = PBXBuildFile; fileRef = 15FE51631AC9C3FF00407883 /* ConfigViewController.m */; };
		EB71E4241AC86AD100ED9E39 /* RefeicoesAlimento.m in Sources */ = {isa = PBXBuildFile; fileRef = EB71E4231AC86AD100ED9E39 /* RefeicoesAlimento.m */; };
		EB71E42A1AC86AD200ED9E39 /* TipoRefeicao.m in Sources */ = {isa = PBXBuildFile; fileRef = EB71E4291AC86AD200ED9E39 /* TipoRefeicao.m */; };
		EB71E42D1AC86AD200ED9E39 /* Alimento.m in Sources */ = {isa = PBXBuildFile; fileRef = EB71E42C1AC86AD200ED9E39 /* Alimento.m */; };
		EB7AC1EE1AC7308700288EC9 /* CoreDataPersistence.m in Sources */ = {isa = PBXBuildFile; fileRef = EB7AC1ED1AC7308700288EC9 /* CoreDataPersistence.m */; };
		EB9D32E71AC1CA0B00347EE5 /* main.m in Sources */ = {isa = PBXBuildFile; fileRef = EB9D32E61AC1CA0B00347EE5 /* main.m */; };
		EB9D32EA1AC1CA0B00347EE5 /* AppDelegate.m in Sources */ = {isa = PBXBuildFile; fileRef = EB9D32E91AC1CA0B00347EE5 /* AppDelegate.m */; };
		EB9D32ED1AC1CA0B00347EE5 /* NutriApp.xcdatamodeld in Sources */ = {isa = PBXBuildFile; fileRef = EB9D32EB1AC1CA0B00347EE5 /* NutriApp.xcdatamodeld */; };
		EB9D32F01AC1CA0B00347EE5 /* ViewController.m in Sources */ = {isa = PBXBuildFile; fileRef = EB9D32EF1AC1CA0B00347EE5 /* ViewController.m */; };
		EB9D32F31AC1CA0B00347EE5 /* Main.storyboard in Resources */ = {isa = PBXBuildFile; fileRef = EB9D32F11AC1CA0B00347EE5 /* Main.storyboard */; };
		EB9D32F51AC1CA0B00347EE5 /* Images.xcassets in Resources */ = {isa = PBXBuildFile; fileRef = EB9D32F41AC1CA0B00347EE5 /* Images.xcassets */; };
		EB9D32F81AC1CA0B00347EE5 /* LaunchScreen.xib in Resources */ = {isa = PBXBuildFile; fileRef = EB9D32F61AC1CA0B00347EE5 /* LaunchScreen.xib */; };
		EB9D33041AC1CA0B00347EE5 /* NutriAppTests.m in Sources */ = {isa = PBXBuildFile; fileRef = EB9D33031AC1CA0B00347EE5 /* NutriAppTests.m */; };
		EBA43FD51AC3392200B5DC7E /* libsqlite3.dylib in Frameworks */ = {isa = PBXBuildFile; fileRef = EBA43FD41AC3392200B5DC7E /* libsqlite3.dylib */; };
		EBEE85321AC9BF8D00C6EEAD /* EntityManager.m in Sources */ = {isa = PBXBuildFile; fileRef = EBEE85311AC9BF8D00C6EEAD /* EntityManager.m */; };
		EBEE85391AC9C04400C6EEAD /* PersistenceInit.m in Sources */ = {isa = PBXBuildFile; fileRef = EBEE85341AC9C04400C6EEAD /* PersistenceInit.m */; };
		EBEE85421AC9D02B00C6EEAD /* GrupoAlimento.m in Sources */ = {isa = PBXBuildFile; fileRef = EBEE85411AC9D02B00C6EEAD /* GrupoAlimento.m */; };
		EBEE85471AC9DB1D00C6EEAD /* alimento.db in Resources */ = {isa = PBXBuildFile; fileRef = EBEE85461AC9DB1D00C6EEAD /* alimento.db */; };
		EBEE854A1AC9E11000C6EEAD /* Historico.m in Sources */ = {isa = PBXBuildFile; fileRef = EBEE85491AC9E11000C6EEAD /* Historico.m */; };
		EBEE854D1AC9E13600C6EEAD /* Refeicoes.m in Sources */ = {isa = PBXBuildFile; fileRef = EBEE854C1AC9E13600C6EEAD /* Refeicoes.m */; };
/* End PBXBuildFile section */

/* Begin PBXContainerItemProxy section */
		EB9D32FE1AC1CA0B00347EE5 /* PBXContainerItemProxy */ = {
			isa = PBXContainerItemProxy;
			containerPortal = EB9D32D91AC1CA0B00347EE5 /* Project object */;
			proxyType = 1;
			remoteGlobalIDString = EB9D32E01AC1CA0B00347EE5;
			remoteInfo = NutriApp;
		};
/* End PBXContainerItemProxy section */

/* Begin PBXFileReference section */
		154511B31AC48389001BED7F /* DiaTableViewController.h */ = {isa = PBXFileReference; fileEncoding = 4; lastKnownFileType = sourcecode.c.h; name = DiaTableViewController.h; path = NutriApp/DiaTableViewController.h; sourceTree = "<group>"; };
		154511B41AC48389001BED7F /* DiaTableViewController.m */ = {isa = PBXFileReference; fileEncoding = 4; lastKnownFileType = sourcecode.c.objc; name = DiaTableViewController.m; path = NutriApp/DiaTableViewController.m; sourceTree = "<group>"; };
		154511B61AC48E9F001BED7F /* ComidasTableViewController.h */ = {isa = PBXFileReference; fileEncoding = 4; lastKnownFileType = sourcecode.c.h; name = ComidasTableViewController.h; path = NutriApp/ComidasTableViewController.h; sourceTree = "<group>"; };
		154511B71AC48E9F001BED7F /* ComidasTableViewController.m */ = {isa = PBXFileReference; fileEncoding = 4; lastKnownFileType = sourcecode.c.objc; name = ComidasTableViewController.m; path = NutriApp/ComidasTableViewController.m; sourceTree = "<group>"; };
		154511B91AC49576001BED7F /* GraficoView.h */ = {isa = PBXFileReference; fileEncoding = 4; lastKnownFileType = sourcecode.c.h; name = GraficoView.h; path = NutriApp/GraficoView.h; sourceTree = "<group>"; };
		154511BA1AC49576001BED7F /* GraficoView.m */ = {isa = PBXFileReference; fileEncoding = 4; lastKnownFileType = sourcecode.c.objc; name = GraficoView.m; path = NutriApp/GraficoView.m; sourceTree = "<group>"; };
		15FE515C1AC8AE4300407883 /* HojeSingleton.h */ = {isa = PBXFileReference; fileEncoding = 4; lastKnownFileType = sourcecode.c.h; name = HojeSingleton.h; path = NutriApp/HojeSingleton.h; sourceTree = "<group>"; };
		15FE515D1AC8AE4300407883 /* HojeSingleton.m */ = {isa = PBXFileReference; fileEncoding = 4; lastKnownFileType = sourcecode.c.objc; name = HojeSingleton.m; path = NutriApp/HojeSingleton.m; sourceTree = "<group>"; };
		15FE515F1AC9C08700407883 /* HistoricoViewController.h */ = {isa = PBXFileReference; fileEncoding = 4; lastKnownFileType = sourcecode.c.h; name = HistoricoViewController.h; path = NutriApp/HistoricoViewController.h; sourceTree = "<group>"; };
		15FE51601AC9C08700407883 /* HistoricoViewController.m */ = {isa = PBXFileReference; fileEncoding = 4; lastKnownFileType = sourcecode.c.objc; name = HistoricoViewController.m; path = NutriApp/HistoricoViewController.m; sourceTree = "<group>"; };
		15FE51621AC9C3FF00407883 /* ConfigViewController.h */ = {isa = PBXFileReference; fileEncoding = 4; lastKnownFileType = sourcecode.c.h; name = ConfigViewController.h; path = NutriApp/ConfigViewController.h; sourceTree = "<group>"; };
		15FE51631AC9C3FF00407883 /* ConfigViewController.m */ = {isa = PBXFileReference; fileEncoding = 4; lastKnownFileType = sourcecode.c.objc; name = ConfigViewController.m; path = NutriApp/ConfigViewController.m; sourceTree = "<group>"; };
		EB71E4221AC86AD100ED9E39 /* RefeicoesAlimento.h */ = {isa = PBXFileReference; fileEncoding = 4; lastKnownFileType = sourcecode.c.h; name = RefeicoesAlimento.h; path = Entidades/RefeicoesAlimento.h; sourceTree = "<group>"; };
		EB71E4231AC86AD100ED9E39 /* RefeicoesAlimento.m */ = {isa = PBXFileReference; fileEncoding = 4; lastKnownFileType = sourcecode.c.objc; name = RefeicoesAlimento.m; path = Entidades/RefeicoesAlimento.m; sourceTree = "<group>"; };
		EB71E4281AC86AD200ED9E39 /* TipoRefeicao.h */ = {isa = PBXFileReference; fileEncoding = 4; lastKnownFileType = sourcecode.c.h; name = TipoRefeicao.h; path = Entidades/TipoRefeicao.h; sourceTree = "<group>"; };
		EB71E4291AC86AD200ED9E39 /* TipoRefeicao.m */ = {isa = PBXFileReference; fileEncoding = 4; lastKnownFileType = sourcecode.c.objc; name = TipoRefeicao.m; path = Entidades/TipoRefeicao.m; sourceTree = "<group>"; };
		EB71E42B1AC86AD200ED9E39 /* Alimento.h */ = {isa = PBXFileReference; fileEncoding = 4; lastKnownFileType = sourcecode.c.h; name = Alimento.h; path = Entidades/Alimento.h; sourceTree = "<group>"; };
		EB71E42C1AC86AD200ED9E39 /* Alimento.m */ = {isa = PBXFileReference; fileEncoding = 4; lastKnownFileType = sourcecode.c.objc; name = Alimento.m; path = Entidades/Alimento.m; sourceTree = "<group>"; };
		EB7AC1EC1AC7308700288EC9 /* CoreDataPersistence.h */ = {isa = PBXFileReference; fileEncoding = 4; lastKnownFileType = sourcecode.c.h; name = CoreDataPersistence.h; path = Persistencia/CoreDataPersistence.h; sourceTree = "<group>"; };
		EB7AC1ED1AC7308700288EC9 /* CoreDataPersistence.m */ = {isa = PBXFileReference; fileEncoding = 4; lastKnownFileType = sourcecode.c.objc; name = CoreDataPersistence.m; path = Persistencia/CoreDataPersistence.m; sourceTree = "<group>"; };
		EB9D32E11AC1CA0B00347EE5 /* NutriApp.app */ = {isa = PBXFileReference; explicitFileType = wrapper.application; includeInIndex = 0; path = NutriApp.app; sourceTree = BUILT_PRODUCTS_DIR; };
		EB9D32E51AC1CA0B00347EE5 /* Info.plist */ = {isa = PBXFileReference; lastKnownFileType = text.plist.xml; path = Info.plist; sourceTree = "<group>"; };
		EB9D32E61AC1CA0B00347EE5 /* main.m */ = {isa = PBXFileReference; lastKnownFileType = sourcecode.c.objc; path = main.m; sourceTree = "<group>"; };
		EB9D32E81AC1CA0B00347EE5 /* AppDelegate.h */ = {isa = PBXFileReference; lastKnownFileType = sourcecode.c.h; path = AppDelegate.h; sourceTree = "<group>"; };
		EB9D32E91AC1CA0B00347EE5 /* AppDelegate.m */ = {isa = PBXFileReference; lastKnownFileType = sourcecode.c.objc; path = AppDelegate.m; sourceTree = "<group>"; };
		EB9D32EC1AC1CA0B00347EE5 /* NutriApp.xcdatamodel */ = {isa = PBXFileReference; lastKnownFileType = wrapper.xcdatamodel; path = NutriApp.xcdatamodel; sourceTree = "<group>"; };
		EB9D32EE1AC1CA0B00347EE5 /* ViewController.h */ = {isa = PBXFileReference; lastKnownFileType = sourcecode.c.h; path = ViewController.h; sourceTree = "<group>"; };
		EB9D32EF1AC1CA0B00347EE5 /* ViewController.m */ = {isa = PBXFileReference; lastKnownFileType = sourcecode.c.objc; path = ViewController.m; sourceTree = "<group>"; };
		EB9D32F21AC1CA0B00347EE5 /* Base */ = {isa = PBXFileReference; lastKnownFileType = file.storyboard; name = Base; path = Base.lproj/Main.storyboard; sourceTree = "<group>"; };
		EB9D32F41AC1CA0B00347EE5 /* Images.xcassets */ = {isa = PBXFileReference; lastKnownFileType = folder.assetcatalog; path = Images.xcassets; sourceTree = "<group>"; };
		EB9D32F71AC1CA0B00347EE5 /* Base */ = {isa = PBXFileReference; lastKnownFileType = file.xib; name = Base; path = Base.lproj/LaunchScreen.xib; sourceTree = "<group>"; };
		EB9D32FD1AC1CA0B00347EE5 /* NutriAppTests.xctest */ = {isa = PBXFileReference; explicitFileType = wrapper.cfbundle; includeInIndex = 0; path = NutriAppTests.xctest; sourceTree = BUILT_PRODUCTS_DIR; };
		EB9D33021AC1CA0B00347EE5 /* Info.plist */ = {isa = PBXFileReference; lastKnownFileType = text.plist.xml; path = Info.plist; sourceTree = "<group>"; };
		EB9D33031AC1CA0B00347EE5 /* NutriAppTests.m */ = {isa = PBXFileReference; lastKnownFileType = sourcecode.c.objc; path = NutriAppTests.m; sourceTree = "<group>"; };
		EBA43FD41AC3392200B5DC7E /* libsqlite3.dylib */ = {isa = PBXFileReference; lastKnownFileType = "compiled.mach-o.dylib"; name = libsqlite3.dylib; path = usr/lib/libsqlite3.dylib; sourceTree = SDKROOT; };
		EBEE85301AC9BF8D00C6EEAD /* EntityManager.h */ = {isa = PBXFileReference; fileEncoding = 4; lastKnownFileType = sourcecode.c.h; path = EntityManager.h; sourceTree = "<group>"; };
		EBEE85311AC9BF8D00C6EEAD /* EntityManager.m */ = {isa = PBXFileReference; fileEncoding = 4; lastKnownFileType = sourcecode.c.objc; path = EntityManager.m; sourceTree = "<group>"; };
		EBEE85331AC9C04400C6EEAD /* PersistenceInit.h */ = {isa = PBXFileReference; fileEncoding = 4; lastKnownFileType = sourcecode.c.h; path = PersistenceInit.h; sourceTree = "<group>"; };
		EBEE85341AC9C04400C6EEAD /* PersistenceInit.m */ = {isa = PBXFileReference; fileEncoding = 4; lastKnownFileType = sourcecode.c.objc; path = PersistenceInit.m; sourceTree = "<group>"; };
		EBEE85401AC9D02B00C6EEAD /* GrupoAlimento.h */ = {isa = PBXFileReference; fileEncoding = 4; lastKnownFileType = sourcecode.c.h; name = GrupoAlimento.h; path = Entidades/GrupoAlimento.h; sourceTree = "<group>"; };
		EBEE85411AC9D02B00C6EEAD /* GrupoAlimento.m */ = {isa = PBXFileReference; fileEncoding = 4; lastKnownFileType = sourcecode.c.objc; name = GrupoAlimento.m; path = Entidades/GrupoAlimento.m; sourceTree = "<group>"; };
		EBEE85461AC9DB1D00C6EEAD /* alimento.db */ = {isa = PBXFileReference; lastKnownFileType = file; path = alimento.db; sourceTree = "<group>"; };
		EBEE85481AC9E11000C6EEAD /* Historico.h */ = {isa = PBXFileReference; fileEncoding = 4; lastKnownFileType = sourcecode.c.h; name = Historico.h; path = Entidades/Historico.h; sourceTree = "<group>"; };
		EBEE85491AC9E11000C6EEAD /* Historico.m */ = {isa = PBXFileReference; fileEncoding = 4; lastKnownFileType = sourcecode.c.objc; name = Historico.m; path = Entidades/Historico.m; sourceTree = "<group>"; };
		EBEE854B1AC9E13600C6EEAD /* Refeicoes.h */ = {isa = PBXFileReference; fileEncoding = 4; lastKnownFileType = sourcecode.c.h; name = Refeicoes.h; path = Entidades/Refeicoes.h; sourceTree = "<group>"; };
		EBEE854C1AC9E13600C6EEAD /* Refeicoes.m */ = {isa = PBXFileReference; fileEncoding = 4; lastKnownFileType = sourcecode.c.objc; name = Refeicoes.m; path = Entidades/Refeicoes.m; sourceTree = "<group>"; };
/* End PBXFileReference section */

/* Begin PBXFrameworksBuildPhase section */
		EB9D32DE1AC1CA0B00347EE5 /* Frameworks */ = {
			isa = PBXFrameworksBuildPhase;
			buildActionMask = 2147483647;
			files = (
				EBA43FD51AC3392200B5DC7E /* libsqlite3.dylib in Frameworks */,
			);
			runOnlyForDeploymentPostprocessing = 0;
		};
		EB9D32FA1AC1CA0B00347EE5 /* Frameworks */ = {
			isa = PBXFrameworksBuildPhase;
			buildActionMask = 2147483647;
			files = (
			);
			runOnlyForDeploymentPostprocessing = 0;
		};
/* End PBXFrameworksBuildPhase section */

/* Begin PBXGroup section */
		EB9D32D81AC1CA0B00347EE5 = {
			isa = PBXGroup;
			children = (
				15FE51621AC9C3FF00407883 /* ConfigViewController.h */,
				15FE51631AC9C3FF00407883 /* ConfigViewController.m */,
				15FE515F1AC9C08700407883 /* HistoricoViewController.h */,
				15FE51601AC9C08700407883 /* HistoricoViewController.m */,
				15FE515C1AC8AE4300407883 /* HojeSingleton.h */,
				15FE515D1AC8AE4300407883 /* HojeSingleton.m */,
				154511B91AC49576001BED7F /* GraficoView.h */,
				154511BA1AC49576001BED7F /* GraficoView.m */,
				154511B61AC48E9F001BED7F /* ComidasTableViewController.h */,
				154511B71AC48E9F001BED7F /* ComidasTableViewController.m */,
				154511B31AC48389001BED7F /* DiaTableViewController.h */,
				154511B41AC48389001BED7F /* DiaTableViewController.m */,
				EB9D32E31AC1CA0B00347EE5 /* NutriApp */,
				EB9D33001AC1CA0B00347EE5 /* NutriAppTests */,
				EB9D32E21AC1CA0B00347EE5 /* Products */,
				EBB1B8D91AC4246A002A9CF7 /* Frameworks */,
			);
			sourceTree = "<group>";
		};
		EB9D32E21AC1CA0B00347EE5 /* Products */ = {
			isa = PBXGroup;
			children = (
				EB9D32E11AC1CA0B00347EE5 /* NutriApp.app */,
				EB9D32FD1AC1CA0B00347EE5 /* NutriAppTests.xctest */,
			);
			name = Products;
			sourceTree = "<group>";
		};
		EB9D32E31AC1CA0B00347EE5 /* NutriApp */ = {
			isa = PBXGroup;
			children = (
				EBA43FD21AC331FB00B5DC7E /* Database */,
				EBA43FC11AC3238B00B5DC7E /* Entidades */,
				EB9D32E81AC1CA0B00347EE5 /* AppDelegate.h */,
				EB9D32E91AC1CA0B00347EE5 /* AppDelegate.m */,
				EB9D32EE1AC1CA0B00347EE5 /* ViewController.h */,
				EB9D32EF1AC1CA0B00347EE5 /* ViewController.m */,
				EB9D32F11AC1CA0B00347EE5 /* Main.storyboard */,
				EB9D32F41AC1CA0B00347EE5 /* Images.xcassets */,
				EB9D32F61AC1CA0B00347EE5 /* LaunchScreen.xib */,
				EB9D32EB1AC1CA0B00347EE5 /* NutriApp.xcdatamodeld */,
				EB9D32E41AC1CA0B00347EE5 /* Supporting Files */,
				EBA43FCE1AC328BB00B5DC7E /* Persistencia */,
			);
			path = NutriApp;
			sourceTree = "<group>";
		};
		EB9D32E41AC1CA0B00347EE5 /* Supporting Files */ = {
			isa = PBXGroup;
			children = (
				EB9D32E51AC1CA0B00347EE5 /* Info.plist */,
				EB9D32E61AC1CA0B00347EE5 /* main.m */,
			);
			name = "Supporting Files";
			sourceTree = "<group>";
		};
		EB9D33001AC1CA0B00347EE5 /* NutriAppTests */ = {
			isa = PBXGroup;
			children = (
				EB9D33031AC1CA0B00347EE5 /* NutriAppTests.m */,
				EB9D33011AC1CA0B00347EE5 /* Supporting Files */,
			);
			path = NutriAppTests;
			sourceTree = "<group>";
		};
		EB9D33011AC1CA0B00347EE5 /* Supporting Files */ = {
			isa = PBXGroup;
			children = (
				EB9D33021AC1CA0B00347EE5 /* Info.plist */,
			);
			name = "Supporting Files";
			sourceTree = "<group>";
		};
		EBA43FC11AC3238B00B5DC7E /* Entidades */ = {
			isa = PBXGroup;
			children = (
				EB71E42B1AC86AD200ED9E39 /* Alimento.h */,
				EB71E42C1AC86AD200ED9E39 /* Alimento.m */,
				EBEE85401AC9D02B00C6EEAD /* GrupoAlimento.h */,
				EBEE85411AC9D02B00C6EEAD /* GrupoAlimento.m */,
				EB71E4281AC86AD200ED9E39 /* TipoRefeicao.h */,
				EB71E4291AC86AD200ED9E39 /* TipoRefeicao.m */,
				EB71E4221AC86AD100ED9E39 /* RefeicoesAlimento.h */,
				EB71E4231AC86AD100ED9E39 /* RefeicoesAlimento.m */,
				EBEE85481AC9E11000C6EEAD /* Historico.h */,
				EBEE85491AC9E11000C6EEAD /* Historico.m */,
				EBEE854B1AC9E13600C6EEAD /* Refeicoes.h */,
				EBEE854C1AC9E13600C6EEAD /* Refeicoes.m */,
			);
			name = Entidades;
			sourceTree = "<group>";
		};
		EBA43FCE1AC328BB00B5DC7E /* Persistencia */ = {
			isa = PBXGroup;
			children = (
				EBEE852F1AC9BF6900C6EEAD /* DBFill */,
				EB7AC1EC1AC7308700288EC9 /* CoreDataPersistence.h */,
				EB7AC1ED1AC7308700288EC9 /* CoreDataPersistence.m */,
			);
			name = Persistencia;
			sourceTree = "<group>";
		};
		EBA43FD21AC331FB00B5DC7E /* Database */ = {
			isa = PBXGroup;
			children = (
				EBEE85461AC9DB1D00C6EEAD /* alimento.db */,
			);
			name = Database;
			sourceTree = "<group>";
		};
		EBB1B8D91AC4246A002A9CF7 /* Frameworks */ = {
			isa = PBXGroup;
			children = (
				EBA43FD41AC3392200B5DC7E /* libsqlite3.dylib */,
			);
			name = Frameworks;
			sourceTree = "<group>";
		};
		EBEE852F1AC9BF6900C6EEAD /* DBFill */ = {
			isa = PBXGroup;
			children = (
				EBEE85331AC9C04400C6EEAD /* PersistenceInit.h */,
				EBEE85341AC9C04400C6EEAD /* PersistenceInit.m */,
				EBEE85301AC9BF8D00C6EEAD /* EntityManager.h */,
				EBEE85311AC9BF8D00C6EEAD /* EntityManager.m */,
			);
			name = DBFill;
			sourceTree = "<group>";
		};
/* End PBXGroup section */

/* Begin PBXNativeTarget section */
		EB9D32E01AC1CA0B00347EE5 /* NutriApp */ = {
			isa = PBXNativeTarget;
			buildConfigurationList = EB9D33071AC1CA0B00347EE5 /* Build configuration list for PBXNativeTarget "NutriApp" */;
			buildPhases = (
				EB9D32DD1AC1CA0B00347EE5 /* Sources */,
				EB9D32DE1AC1CA0B00347EE5 /* Frameworks */,
				EB9D32DF1AC1CA0B00347EE5 /* Resources */,
			);
			buildRules = (
			);
			dependencies = (
			);
			name = NutriApp;
			productName = NutriApp;
			productReference = EB9D32E11AC1CA0B00347EE5 /* NutriApp.app */;
			productType = "com.apple.product-type.application";
		};
		EB9D32FC1AC1CA0B00347EE5 /* NutriAppTests */ = {
			isa = PBXNativeTarget;
			buildConfigurationList = EB9D330A1AC1CA0B00347EE5 /* Build configuration list for PBXNativeTarget "NutriAppTests" */;
			buildPhases = (
				EB9D32F91AC1CA0B00347EE5 /* Sources */,
				EB9D32FA1AC1CA0B00347EE5 /* Frameworks */,
				EB9D32FB1AC1CA0B00347EE5 /* Resources */,
			);
			buildRules = (
			);
			dependencies = (
				EB9D32FF1AC1CA0B00347EE5 /* PBXTargetDependency */,
			);
			name = NutriAppTests;
			productName = NutriAppTests;
			productReference = EB9D32FD1AC1CA0B00347EE5 /* NutriAppTests.xctest */;
			productType = "com.apple.product-type.bundle.unit-test";
		};
/* End PBXNativeTarget section */

/* Begin PBXProject section */
		EB9D32D91AC1CA0B00347EE5 /* Project object */ = {
			isa = PBXProject;
			attributes = {
				LastUpgradeCheck = 0620;
				ORGANIZATIONNAME = "Vitor Kawai Sala";
				TargetAttributes = {
					EB9D32E01AC1CA0B00347EE5 = {
						CreatedOnToolsVersion = 6.2;
					};
					EB9D32FC1AC1CA0B00347EE5 = {
						CreatedOnToolsVersion = 6.2;
						TestTargetID = EB9D32E01AC1CA0B00347EE5;
					};
				};
			};
			buildConfigurationList = EB9D32DC1AC1CA0B00347EE5 /* Build configuration list for PBXProject "NutriApp" */;
			compatibilityVersion = "Xcode 3.2";
			developmentRegion = English;
			hasScannedForEncodings = 0;
			knownRegions = (
				en,
				Base,
				English,
			);
			mainGroup = EB9D32D81AC1CA0B00347EE5;
			productRefGroup = EB9D32E21AC1CA0B00347EE5 /* Products */;
			projectDirPath = "";
			projectRoot = "";
			targets = (
				EB9D32E01AC1CA0B00347EE5 /* NutriApp */,
				EB9D32FC1AC1CA0B00347EE5 /* NutriAppTests */,
			);
		};
/* End PBXProject section */

/* Begin PBXResourcesBuildPhase section */
		EB9D32DF1AC1CA0B00347EE5 /* Resources */ = {
			isa = PBXResourcesBuildPhase;
			buildActionMask = 2147483647;
			files = (
				EBEE85471AC9DB1D00C6EEAD /* alimento.db in Resources */,
				EB9D32F31AC1CA0B00347EE5 /* Main.storyboard in Resources */,
				EB9D32F81AC1CA0B00347EE5 /* LaunchScreen.xib in Resources */,
				EB9D32F51AC1CA0B00347EE5 /* Images.xcassets in Resources */,
			);
			runOnlyForDeploymentPostprocessing = 0;
		};
		EB9D32FB1AC1CA0B00347EE5 /* Resources */ = {
			isa = PBXResourcesBuildPhase;
			buildActionMask = 2147483647;
			files = (
			);
			runOnlyForDeploymentPostprocessing = 0;
		};
/* End PBXResourcesBuildPhase section */

/* Begin PBXSourcesBuildPhase section */
		EB9D32DD1AC1CA0B00347EE5 /* Sources */ = {
			isa = PBXSourcesBuildPhase;
			buildActionMask = 2147483647;
			files = (
				EB9D32EA1AC1CA0B00347EE5 /* AppDelegate.m in Sources */,
				154511B51AC48389001BED7F /* DiaTableViewController.m in Sources */,
				15FE51611AC9C08700407883 /* HistoricoViewController.m in Sources */,
				EB9D32ED1AC1CA0B00347EE5 /* NutriApp.xcdatamodeld in Sources */,
				EB71E42A1AC86AD200ED9E39 /* TipoRefeicao.m in Sources */,
				EB71E4241AC86AD100ED9E39 /* RefeicoesAlimento.m in Sources */,
				EB9D32F01AC1CA0B00347EE5 /* ViewController.m in Sources */,
				EB7AC1EE1AC7308700288EC9 /* CoreDataPersistence.m in Sources */,
				15FE515E1AC8AE4300407883 /* HojeSingleton.m in Sources */,
				15FE51641AC9C3FF00407883 /* ConfigViewController.m in Sources */,
				EB9D32E71AC1CA0B00347EE5 /* main.m in Sources */,
				EBEE85421AC9D02B00C6EEAD /* GrupoAlimento.m in Sources */,
				EBEE85391AC9C04400C6EEAD /* PersistenceInit.m in Sources */,
				EBEE854D1AC9E13600C6EEAD /* Refeicoes.m in Sources */,
				EBEE85321AC9BF8D00C6EEAD /* EntityManager.m in Sources */,
				EBEE854A1AC9E11000C6EEAD /* Historico.m in Sources */,
				EB71E42D1AC86AD200ED9E39 /* Alimento.m in Sources */,
				154511BB1AC49576001BED7F /* GraficoView.m in Sources */,
				154511B81AC48E9F001BED7F /* ComidasTableViewController.m in Sources */,
			);
			runOnlyForDeploymentPostprocessing = 0;
		};
		EB9D32F91AC1CA0B00347EE5 /* Sources */ = {
			isa = PBXSourcesBuildPhase;
			buildActionMask = 2147483647;
			files = (
				EB9D33041AC1CA0B00347EE5 /* NutriAppTests.m in Sources */,
			);
			runOnlyForDeploymentPostprocessing = 0;
		};
/* End PBXSourcesBuildPhase section */

/* Begin PBXTargetDependency section */
		EB9D32FF1AC1CA0B00347EE5 /* PBXTargetDependency */ = {
			isa = PBXTargetDependency;
			target = EB9D32E01AC1CA0B00347EE5 /* NutriApp */;
			targetProxy = EB9D32FE1AC1CA0B00347EE5 /* PBXContainerItemProxy */;
		};
/* End PBXTargetDependency section */

/* Begin PBXVariantGroup section */
		EB9D32F11AC1CA0B00347EE5 /* Main.storyboard */ = {
			isa = PBXVariantGroup;
			children = (
				EB9D32F21AC1CA0B00347EE5 /* Base */,
			);
			name = Main.storyboard;
			sourceTree = "<group>";
		};
		EB9D32F61AC1CA0B00347EE5 /* LaunchScreen.xib */ = {
			isa = PBXVariantGroup;
			children = (
				EB9D32F71AC1CA0B00347EE5 /* Base */,
			);
			name = LaunchScreen.xib;
			sourceTree = "<group>";
		};
/* End PBXVariantGroup section */

/* Begin XCBuildConfiguration section */
		EB9D33051AC1CA0B00347EE5 /* Debug */ = {
			isa = XCBuildConfiguration;
			buildSettings = {
				ALWAYS_SEARCH_USER_PATHS = NO;
				CLANG_CXX_LANGUAGE_STANDARD = "gnu++0x";
				CLANG_CXX_LIBRARY = "libc++";
				CLANG_ENABLE_MODULES = YES;
				CLANG_ENABLE_OBJC_ARC = YES;
				CLANG_WARN_BOOL_CONVERSION = YES;
				CLANG_WARN_CONSTANT_CONVERSION = YES;
				CLANG_WARN_DIRECT_OBJC_ISA_USAGE = YES_ERROR;
				CLANG_WARN_EMPTY_BODY = YES;
				CLANG_WARN_ENUM_CONVERSION = YES;
				CLANG_WARN_INT_CONVERSION = YES;
				CLANG_WARN_OBJC_ROOT_CLASS = YES_ERROR;
				CLANG_WARN_UNREACHABLE_CODE = YES;
				CLANG_WARN__DUPLICATE_METHOD_MATCH = YES;
				"CODE_SIGN_IDENTITY[sdk=iphoneos*]" = "iPhone Developer";
				COPY_PHASE_STRIP = NO;
				ENABLE_STRICT_OBJC_MSGSEND = YES;
				GCC_C_LANGUAGE_STANDARD = gnu99;
				GCC_DYNAMIC_NO_PIC = NO;
				GCC_OPTIMIZATION_LEVEL = 0;
				GCC_PREPROCESSOR_DEFINITIONS = (
					"DEBUG=1",
					"$(inherited)",
				);
				GCC_SYMBOLS_PRIVATE_EXTERN = NO;
				GCC_WARN_64_TO_32_BIT_CONVERSION = YES;
				GCC_WARN_ABOUT_RETURN_TYPE = YES_ERROR;
				GCC_WARN_UNDECLARED_SELECTOR = YES;
				GCC_WARN_UNINITIALIZED_AUTOS = YES_AGGRESSIVE;
				GCC_WARN_UNUSED_FUNCTION = YES;
				GCC_WARN_UNUSED_VARIABLE = YES;
				HEADER_SEARCH_PATHS = (
					"$(inherited)",
					/Applications/Xcode.app/Contents/Developer/Toolchains/XcodeDefault.xctoolchain/usr/include,
				);
				IPHONEOS_DEPLOYMENT_TARGET = 8.2;
				MTL_ENABLE_DEBUG_INFO = YES;
				ONLY_ACTIVE_ARCH = YES;
				OTHER_LDFLAGS = "-ObjC";
				SDKROOT = iphoneos;
				TARGETED_DEVICE_FAMILY = "1,2";
			};
			name = Debug;
		};
		EB9D33061AC1CA0B00347EE5 /* Release */ = {
			isa = XCBuildConfiguration;
			buildSettings = {
				ALWAYS_SEARCH_USER_PATHS = NO;
				CLANG_CXX_LANGUAGE_STANDARD = "gnu++0x";
				CLANG_CXX_LIBRARY = "libc++";
				CLANG_ENABLE_MODULES = YES;
				CLANG_ENABLE_OBJC_ARC = YES;
				CLANG_WARN_BOOL_CONVERSION = YES;
				CLANG_WARN_CONSTANT_CONVERSION = YES;
				CLANG_WARN_DIRECT_OBJC_ISA_USAGE = YES_ERROR;
				CLANG_WARN_EMPTY_BODY = YES;
				CLANG_WARN_ENUM_CONVERSION = YES;
				CLANG_WARN_INT_CONVERSION = YES;
				CLANG_WARN_OBJC_ROOT_CLASS = YES_ERROR;
				CLANG_WARN_UNREACHABLE_CODE = YES;
				CLANG_WARN__DUPLICATE_METHOD_MATCH = YES;
				"CODE_SIGN_IDENTITY[sdk=iphoneos*]" = "iPhone Developer";
				COPY_PHASE_STRIP = NO;
				ENABLE_NS_ASSERTIONS = NO;
				ENABLE_STRICT_OBJC_MSGSEND = YES;
				GCC_C_LANGUAGE_STANDARD = gnu99;
				GCC_WARN_64_TO_32_BIT_CONVERSION = YES;
				GCC_WARN_ABOUT_RETURN_TYPE = YES_ERROR;
				GCC_WARN_UNDECLARED_SELECTOR = YES;
				GCC_WARN_UNINITIALIZED_AUTOS = YES_AGGRESSIVE;
				GCC_WARN_UNUSED_FUNCTION = YES;
				GCC_WARN_UNUSED_VARIABLE = YES;
				HEADER_SEARCH_PATHS = (
					"$(inherited)",
					/Applications/Xcode.app/Contents/Developer/Toolchains/XcodeDefault.xctoolchain/usr/include,
				);
				IPHONEOS_DEPLOYMENT_TARGET = 8.2;
				MTL_ENABLE_DEBUG_INFO = NO;
				OTHER_LDFLAGS = "-ObjC";
				SDKROOT = iphoneos;
				TARGETED_DEVICE_FAMILY = "1,2";
				VALIDATE_PRODUCT = YES;
			};
			name = Release;
		};
		EB9D33081AC1CA0B00347EE5 /* Debug */ = {
			isa = XCBuildConfiguration;
			buildSettings = {
				ASSETCATALOG_COMPILER_APPICON_NAME = AppIcon;
				INFOPLIST_FILE = NutriApp/Info.plist;
				LD_RUNPATH_SEARCH_PATHS = "$(inherited) @executable_path/Frameworks";
				PRODUCT_NAME = "$(TARGET_NAME)";
			};
			name = Debug;
		};
		EB9D33091AC1CA0B00347EE5 /* Release */ = {
			isa = XCBuildConfiguration;
			buildSettings = {
				ASSETCATALOG_COMPILER_APPICON_NAME = AppIcon;
				INFOPLIST_FILE = NutriApp/Info.plist;
				LD_RUNPATH_SEARCH_PATHS = "$(inherited) @executable_path/Frameworks";
				PRODUCT_NAME = "$(TARGET_NAME)";
			};
			name = Release;
		};
		EB9D330B1AC1CA0B00347EE5 /* Debug */ = {
			isa = XCBuildConfiguration;
			buildSettings = {
				BUNDLE_LOADER = "$(TEST_HOST)";
				FRAMEWORK_SEARCH_PATHS = (
					"$(SDKROOT)/Developer/Library/Frameworks",
					"$(inherited)",
				);
				GCC_PREPROCESSOR_DEFINITIONS = (
					"DEBUG=1",
					"$(inherited)",
				);
				INFOPLIST_FILE = NutriAppTests/Info.plist;
				LD_RUNPATH_SEARCH_PATHS = "$(inherited) @executable_path/Frameworks @loader_path/Frameworks";
				PRODUCT_NAME = "$(TARGET_NAME)";
				TEST_HOST = "$(BUILT_PRODUCTS_DIR)/NutriApp.app/NutriApp";
			};
			name = Debug;
		};
		EB9D330C1AC1CA0B00347EE5 /* Release */ = {
			isa = XCBuildConfiguration;
			buildSettings = {
				BUNDLE_LOADER = "$(TEST_HOST)";
				FRAMEWORK_SEARCH_PATHS = (
					"$(SDKROOT)/Developer/Library/Frameworks",
					"$(inherited)",
				);
				INFOPLIST_FILE = NutriAppTests/Info.plist;
				LD_RUNPATH_SEARCH_PATHS = "$(inherited) @executable_path/Frameworks @loader_path/Frameworks";
				PRODUCT_NAME = "$(TARGET_NAME)";
				TEST_HOST = "$(BUILT_PRODUCTS_DIR)/NutriApp.app/NutriApp";
			};
			name = Release;
		};
/* End XCBuildConfiguration section */

/* Begin XCConfigurationList section */
		EB9D32DC1AC1CA0B00347EE5 /* Build configuration list for PBXProject "NutriApp" */ = {
			isa = XCConfigurationList;
			buildConfigurations = (
				EB9D33051AC1CA0B00347EE5 /* Debug */,
				EB9D33061AC1CA0B00347EE5 /* Release */,
			);
			defaultConfigurationIsVisible = 0;
			defaultConfigurationName = Release;
		};
		EB9D33071AC1CA0B00347EE5 /* Build configuration list for PBXNativeTarget "NutriApp" */ = {
			isa = XCConfigurationList;
			buildConfigurations = (
				EB9D33081AC1CA0B00347EE5 /* Debug */,
				EB9D33091AC1CA0B00347EE5 /* Release */,
			);
			defaultConfigurationIsVisible = 0;
			defaultConfigurationName = Release;
		};
		EB9D330A1AC1CA0B00347EE5 /* Build configuration list for PBXNativeTarget "NutriAppTests" */ = {
			isa = XCConfigurationList;
			buildConfigurations = (
				EB9D330B1AC1CA0B00347EE5 /* Debug */,
				EB9D330C1AC1CA0B00347EE5 /* Release */,
			);
			defaultConfigurationIsVisible = 0;
			defaultConfigurationName = Release;
		};
/* End XCConfigurationList section */

/* Begin XCVersionGroup section */
		EB9D32EB1AC1CA0B00347EE5 /* NutriApp.xcdatamodeld */ = {
			isa = XCVersionGroup;
			children = (
				EB9D32EC1AC1CA0B00347EE5 /* NutriApp.xcdatamodel */,
			);
			currentVersion = EB9D32EC1AC1CA0B00347EE5 /* NutriApp.xcdatamodel */;
			path = NutriApp.xcdatamodeld;
			sourceTree = "<group>";
			versionGroupType = wrapper.xcdatamodel;
		};
/* End XCVersionGroup section */
	};
	rootObject = EB9D32D91AC1CA0B00347EE5 /* Project object */;
}
