// !$*UTF8*$!
{
	archiveVersion = 1;
	classes = {
	};
	objectVersion = 46;
	objects = {

/* Begin PBXBuildFile section */
		154511B51AC48389001BED7F /* DiaTableViewController.m in Sources */ = {isa = PBXBuildFile; fileRef = 154511B41AC48389001BED7F /* DiaTableViewController.m */; };
		154511B81AC48E9F001BED7F /* ComidasTableViewController.m in Sources */ = {isa = PBXBuildFile; fileRef = 154511B71AC48E9F001BED7F /* ComidasTableViewController.m */; };
		154511BB1AC49576001BED7F /* GraficoView.m in Sources */ = {isa = PBXBuildFile; fileRef = 154511BA1AC49576001BED7F /* GraficoView.m */; };
		EB9D32E71AC1CA0B00347EE5 /* main.m in Sources */ = {isa = PBXBuildFile; fileRef = EB9D32E61AC1CA0B00347EE5 /* main.m */; };
		EB9D32EA1AC1CA0B00347EE5 /* AppDelegate.m in Sources */ = {isa = PBXBuildFile; fileRef = EB9D32E91AC1CA0B00347EE5 /* AppDelegate.m */; };
		EB9D32ED1AC1CA0B00347EE5 /* NutriApp.xcdatamodeld in Sources */ = {isa = PBXBuildFile; fileRef = EB9D32EB1AC1CA0B00347EE5 /* NutriApp.xcdatamodeld */; };
		EB9D32F01AC1CA0B00347EE5 /* ViewController.m in Sources */ = {isa = PBXBuildFile; fileRef = EB9D32EF1AC1CA0B00347EE5 /* ViewController.m */; };
		EB9D32F31AC1CA0B00347EE5 /* Main.storyboard in Resources */ = {isa = PBXBuildFile; fileRef = EB9D32F11AC1CA0B00347EE5 /* Main.storyboard */; };
		EB9D32F51AC1CA0B00347EE5 /* Images.xcassets in Resources */ = {isa = PBXBuildFile; fileRef = EB9D32F41AC1CA0B00347EE5 /* Images.xcassets */; };
		EB9D32F81AC1CA0B00347EE5 /* LaunchScreen.xib in Resources */ = {isa = PBXBuildFile; fileRef = EB9D32F61AC1CA0B00347EE5 /* LaunchScreen.xib */; };
		EB9D33041AC1CA0B00347EE5 /* NutriAppTests.m in Sources */ = {isa = PBXBuildFile; fileRef = EB9D33031AC1CA0B00347EE5 /* NutriAppTests.m */; };
		EBA43FC01AC3238400B5DC7E /* Alimento.m in Sources */ = {isa = PBXBuildFile; fileRef = EBA43FBF1AC3238400B5DC7E /* Alimento.m */; };
		EBA43FC41AC3253E00B5DC7E /* Historico.m in Sources */ = {isa = PBXBuildFile; fileRef = EBA43FC31AC3253E00B5DC7E /* Historico.m */; };
		EBA43FC71AC3258700B5DC7E /* Refeicao.m in Sources */ = {isa = PBXBuildFile; fileRef = EBA43FC61AC3258700B5DC7E /* Refeicao.m */; };
		EBA43FCA1AC326DE00B5DC7E /* AlimentoComposite.m in Sources */ = {isa = PBXBuildFile; fileRef = EBA43FC91AC326DE00B5DC7E /* AlimentoComposite.m */; };
		EBA43FCD1AC328B400B5DC7E /* EntityManager.m in Sources */ = {isa = PBXBuildFile; fileRef = EBA43FCC1AC328B400B5DC7E /* EntityManager.m */; };
		EBA43FD51AC3392200B5DC7E /* libsqlite3.dylib in Frameworks */ = {isa = PBXBuildFile; fileRef = EBA43FD41AC3392200B5DC7E /* libsqlite3.dylib */; };
		EBA43FDB1AC340E900B5DC7E /* AlimentoDAO.m in Sources */ = {isa = PBXBuildFile; fileRef = EBA43FDA1AC340E900B5DC7E /* AlimentoDAO.m */; };
		EBA43FDE1AC3413C00B5DC7E /* HistoricoDAO.m in Sources */ = {isa = PBXBuildFile; fileRef = EBA43FDD1AC3413C00B5DC7E /* HistoricoDAO.m */; };
		EBB581F21AC4793C0066644F /* alimento.db in Resources */ = {isa = PBXBuildFile; fileRef = EBB581F11AC471180066644F /* alimento.db */; };
		EBB582271AC47E2B0066644F /* RefeicaoDAO.m in Sources */ = {isa = PBXBuildFile; fileRef = EBB582261AC47E2B0066644F /* RefeicaoDAO.m */; };
/* End PBXBuildFile section */

/* Begin PBXContainerItemProxy section */
		EB9D32FE1AC1CA0B00347EE5 /* PBXContainerItemProxy */ = {
			isa = PBXContainerItemProxy;
			containerPortal = EB9D32D91AC1CA0B00347EE5 /* Project object */;
			proxyType = 1;
			remoteGlobalIDString = EB9D32E01AC1CA0B00347EE5;
			remoteInfo = NutriApp;
		};
/* End PBXContainerItemProxy section */

/* Begin PBXFileReference section */
		154511B31AC48389001BED7F /* DiaTableViewController.h */ = {isa = PBXFileReference; fileEncoding = 4; lastKnownFileType = sourcecode.c.h; name = DiaTableViewController.h; path = NutriApp/DiaTableViewController.h; sourceTree = "<group>"; };
		154511B41AC48389001BED7F /* DiaTableViewController.m */ = {isa = PBXFileReference; fileEncoding = 4; lastKnownFileType = sourcecode.c.objc; name = DiaTableViewController.m; path = NutriApp/DiaTableViewController.m; sourceTree = "<group>"; };
		154511B61AC48E9F001BED7F /* ComidasTableViewController.h */ = {isa = PBXFileReference; fileEncoding = 4; lastKnownFileType = sourcecode.c.h; name = ComidasTableViewController.h; path = NutriApp/ComidasTableViewController.h; sourceTree = "<group>"; };
		154511B71AC48E9F001BED7F /* ComidasTableViewController.m */ = {isa = PBXFileReference; fileEncoding = 4; lastKnownFileType = sourcecode.c.objc; name = ComidasTableViewController.m; path = NutriApp/ComidasTableViewController.m; sourceTree = "<group>"; };
		154511B91AC49576001BED7F /* GraficoView.h */ = {isa = PBXFileReference; fileEncoding = 4; lastKnownFileType = sourcecode.c.h; name = GraficoView.h; path = NutriApp/GraficoView.h; sourceTree = "<group>"; };
		154511BA1AC49576001BED7F /* GraficoView.m */ = {isa = PBXFileReference; fileEncoding = 4; lastKnownFileType = sourcecode.c.objc; name = GraficoView.m; path = NutriApp/GraficoView.m; sourceTree = "<group>"; };
		EB9D32E11AC1CA0B00347EE5 /* NutriApp.app */ = {isa = PBXFileReference; explicitFileType = wrapper.application; includeInIndex = 0; path = NutriApp.app; sourceTree = BUILT_PRODUCTS_DIR; };
		EB9D32E51AC1CA0B00347EE5 /* Info.plist */ = {isa = PBXFileReference; lastKnownFileType = text.plist.xml; path = Info.plist; sourceTree = "<group>"; };
		EB9D32E61AC1CA0B00347EE5 /* main.m */ = {isa = PBXFileReference; lastKnownFileType = sourcecode.c.objc; path = main.m; sourceTree = "<group>"; };
		EB9D32E81AC1CA0B00347EE5 /* AppDelegate.h */ = {isa = PBXFileReference; lastKnownFileType = sourcecode.c.h; path = AppDelegate.h; sourceTree = "<group>"; };
		EB9D32E91AC1CA0B00347EE5 /* AppDelegate.m */ = {isa = PBXFileReference; lastKnownFileType = sourcecode.c.objc; path = AppDelegate.m; sourceTree = "<group>"; };
		EB9D32EC1AC1CA0B00347EE5 /* NutriApp.xcdatamodel */ = {isa = PBXFileReference; lastKnownFileType = wrapper.xcdatamodel; path = NutriApp.xcdatamodel; sourceTree = "<group>"; };
		EB9D32EE1AC1CA0B00347EE5 /* ViewController.h */ = {isa = PBXFileReference; lastKnownFileType = sourcecode.c.h; path = ViewController.h; sourceTree = "<group>"; };
		EB9D32EF1AC1CA0B00347EE5 /* ViewController.m */ = {isa = PBXFileReference; lastKnownFileType = sourcecode.c.objc; path = ViewController.m; sourceTree = "<group>"; };
		EB9D32F21AC1CA0B00347EE5 /* Base */ = {isa = PBXFileReference; lastKnownFileType = file.storyboard; name = Base; path = Base.lproj/Main.storyboard; sourceTree = "<group>"; };
		EB9D32F41AC1CA0B00347EE5 /* Images.xcassets */ = {isa = PBXFileReference; lastKnownFileType = folder.assetcatalog; path = Images.xcassets; sourceTree = "<group>"; };
		EB9D32F71AC1CA0B00347EE5 /* Base */ = {isa = PBXFileReference; lastKnownFileType = file.xib; name = Base; path = Base.lproj/LaunchScreen.xib; sourceTree = "<group>"; };
		EB9D32FD1AC1CA0B00347EE5 /* NutriAppTests.xctest */ = {isa = PBXFileReference; explicitFileType = wrapper.cfbundle; includeInIndex = 0; path = NutriAppTests.xctest; sourceTree = BUILT_PRODUCTS_DIR; };
		EB9D33021AC1CA0B00347EE5 /* Info.plist */ = {isa = PBXFileReference; lastKnownFileType = text.plist.xml; path = Info.plist; sourceTree = "<group>"; };
		EB9D33031AC1CA0B00347EE5 /* NutriAppTests.m */ = {isa = PBXFileReference; lastKnownFileType = sourcecode.c.objc; path = NutriAppTests.m; sourceTree = "<group>"; };
		EBA43FBE1AC3238400B5DC7E /* Alimento.h */ = {isa = PBXFileReference; fileEncoding = 4; lastKnownFileType = sourcecode.c.h; name = Alimento.h; path = Entidades/Alimento.h; sourceTree = "<group>"; };
		EBA43FBF1AC3238400B5DC7E /* Alimento.m */ = {isa = PBXFileReference; fileEncoding = 4; lastKnownFileType = sourcecode.c.objc; name = Alimento.m; path = Entidades/Alimento.m; sourceTree = "<group>"; };
		EBA43FC21AC3253E00B5DC7E /* Historico.h */ = {isa = PBXFileReference; fileEncoding = 4; lastKnownFileType = sourcecode.c.h; name = Historico.h; path = Entidades/Historico.h; sourceTree = "<group>"; };
		EBA43FC31AC3253E00B5DC7E /* Historico.m */ = {isa = PBXFileReference; fileEncoding = 4; lastKnownFileType = sourcecode.c.objc; name = Historico.m; path = Entidades/Historico.m; sourceTree = "<group>"; };
		EBA43FC51AC3258700B5DC7E /* Refeicao.h */ = {isa = PBXFileReference; fileEncoding = 4; lastKnownFileType = sourcecode.c.h; name = Refeicao.h; path = Entidades/Refeicao.h; sourceTree = "<group>"; };
		EBA43FC61AC3258700B5DC7E /* Refeicao.m */ = {isa = PBXFileReference; fileEncoding = 4; lastKnownFileType = sourcecode.c.objc; name = Refeicao.m; path = Entidades/Refeicao.m; sourceTree = "<group>"; };
		EBA43FC81AC326DE00B5DC7E /* AlimentoComposite.h */ = {isa = PBXFileReference; fileEncoding = 4; lastKnownFileType = sourcecode.c.h; name = AlimentoComposite.h; path = Entidades/AlimentoComposite.h; sourceTree = "<group>"; };
		EBA43FC91AC326DE00B5DC7E /* AlimentoComposite.m */ = {isa = PBXFileReference; fileEncoding = 4; lastKnownFileType = sourcecode.c.objc; name = AlimentoComposite.m; path = Entidades/AlimentoComposite.m; sourceTree = "<group>"; };
		EBA43FCB1AC328B400B5DC7E /* EntityManager.h */ = {isa = PBXFileReference; fileEncoding = 4; lastKnownFileType = sourcecode.c.h; name = EntityManager.h; path = Persistencia/EntityManager.h; sourceTree = "<group>"; };
		EBA43FCC1AC328B400B5DC7E /* EntityManager.m */ = {isa = PBXFileReference; fileEncoding = 4; lastKnownFileType = sourcecode.c.objc; name = EntityManager.m; path = Persistencia/EntityManager.m; sourceTree = "<group>"; };
		EBA43FD41AC3392200B5DC7E /* libsqlite3.dylib */ = {isa = PBXFileReference; lastKnownFileType = "compiled.mach-o.dylib"; name = libsqlite3.dylib; path = usr/lib/libsqlite3.dylib; sourceTree = SDKROOT; };
		EBA43FD91AC340E900B5DC7E /* AlimentoDAO.h */ = {isa = PBXFileReference; fileEncoding = 4; lastKnownFileType = sourcecode.c.h; name = AlimentoDAO.h; path = Persistencia/AlimentoDAO.h; sourceTree = "<group>"; };
		EBA43FDA1AC340E900B5DC7E /* AlimentoDAO.m */ = {isa = PBXFileReference; fileEncoding = 4; lastKnownFileType = sourcecode.c.objc; name = AlimentoDAO.m; path = Persistencia/AlimentoDAO.m; sourceTree = "<group>"; };
		EBA43FDC1AC3413C00B5DC7E /* HistoricoDAO.h */ = {isa = PBXFileReference; fileEncoding = 4; lastKnownFileType = sourcecode.c.h; name = HistoricoDAO.h; path = Persistencia/HistoricoDAO.h; sourceTree = "<group>"; };
		EBA43FDD1AC3413C00B5DC7E /* HistoricoDAO.m */ = {isa = PBXFileReference; fileEncoding = 4; lastKnownFileType = sourcecode.c.objc; name = HistoricoDAO.m; path = Persistencia/HistoricoDAO.m; sourceTree = "<group>"; };
		EBB581F11AC471180066644F /* alimento.db */ = {isa = PBXFileReference; lastKnownFileType = file; path = alimento.db; sourceTree = "<group>"; };
		EBB582251AC47E2B0066644F /* RefeicaoDAO.h */ = {isa = PBXFileReference; fileEncoding = 4; lastKnownFileType = sourcecode.c.h; name = RefeicaoDAO.h; path = Persistencia/RefeicaoDAO.h; sourceTree = "<group>"; };
		EBB582261AC47E2B0066644F /* RefeicaoDAO.m */ = {isa = PBXFileReference; fileEncoding = 4; lastKnownFileType = sourcecode.c.objc; name = RefeicaoDAO.m; path = Persistencia/RefeicaoDAO.m; sourceTree = "<group>"; };
		EBB582281AC49F2A0066644F /* alimento.db */ = {isa = PBXFileReference; lastKnownFileType = file; name = alimento.db; path = NutriApp/alimento.db; sourceTree = "<group>"; };
/* End PBXFileReference section */

/* Begin PBXFrameworksBuildPhase section */
		EB9D32DE1AC1CA0B00347EE5 /* Frameworks */ = {
			isa = PBXFrameworksBuildPhase;
			buildActionMask = 2147483647;
			files = (
				EBA43FD51AC3392200B5DC7E /* libsqlite3.dylib in Frameworks */,
			);
			runOnlyForDeploymentPostprocessing = 0;
		};
		EB9D32FA1AC1CA0B00347EE5 /* Frameworks */ = {
			isa = PBXFrameworksBuildPhase;
			buildActionMask = 2147483647;
			files = (
			);
			runOnlyForDeploymentPostprocessing = 0;
		};
/* End PBXFrameworksBuildPhase section */

/* Begin PBXGroup section */
		EB9D32D81AC1CA0B00347EE5 = {
			isa = PBXGroup;
			children = (
				154511B91AC49576001BED7F /* GraficoView.h */,
				154511BA1AC49576001BED7F /* GraficoView.m */,
				154511B61AC48E9F001BED7F /* ComidasTableViewController.h */,
				154511B71AC48E9F001BED7F /* ComidasTableViewController.m */,
				154511B31AC48389001BED7F /* DiaTableViewController.h */,
				154511B41AC48389001BED7F /* DiaTableViewController.m */,
				EB9D32E31AC1CA0B00347EE5 /* NutriApp */,
				EB9D33001AC1CA0B00347EE5 /* NutriAppTests */,
				EB9D32E21AC1CA0B00347EE5 /* Products */,
				EBB1B8D91AC4246A002A9CF7 /* Frameworks */,
			);
			sourceTree = "<group>";
		};
		EB9D32E21AC1CA0B00347EE5 /* Products */ = {
			isa = PBXGroup;
			children = (
				EB9D32E11AC1CA0B00347EE5 /* NutriApp.app */,
				EB9D32FD1AC1CA0B00347EE5 /* NutriAppTests.xctest */,
			);
			name = Products;
			sourceTree = "<group>";
		};
		EB9D32E31AC1CA0B00347EE5 /* NutriApp */ = {
			isa = PBXGroup;
			children = (
				EBA43FD21AC331FB00B5DC7E /* Database */,
				EBA43FC11AC3238B00B5DC7E /* Entidades */,
				EB9D32E81AC1CA0B00347EE5 /* AppDelegate.h */,
				EB9D32E91AC1CA0B00347EE5 /* AppDelegate.m */,
				EB9D32EE1AC1CA0B00347EE5 /* ViewController.h */,
				EB9D32EF1AC1CA0B00347EE5 /* ViewController.m */,
				EB9D32F11AC1CA0B00347EE5 /* Main.storyboard */,
				EB9D32F41AC1CA0B00347EE5 /* Images.xcassets */,
				EB9D32F61AC1CA0B00347EE5 /* LaunchScreen.xib */,
				EB9D32EB1AC1CA0B00347EE5 /* NutriApp.xcdatamodeld */,
				EB9D32E41AC1CA0B00347EE5 /* Supporting Files */,
				EBA43FCE1AC328BB00B5DC7E /* Persistencia */,
			);
			path = NutriApp;
			sourceTree = "<group>";
		};
		EB9D32E41AC1CA0B00347EE5 /* Supporting Files */ = {
			isa = PBXGroup;
			children = (
				EB9D32E51AC1CA0B00347EE5 /* Info.plist */,
				EB9D32E61AC1CA0B00347EE5 /* main.m */,
			);
			name = "Supporting Files";
			sourceTree = "<group>";
		};
		EB9D33001AC1CA0B00347EE5 /* NutriAppTests */ = {
			isa = PBXGroup;
			children = (
				EB9D33031AC1CA0B00347EE5 /* NutriAppTests.m */,
				EB9D33011AC1CA0B00347EE5 /* Supporting Files */,
			);
			path = NutriAppTests;
			sourceTree = "<group>";
		};
		EB9D33011AC1CA0B00347EE5 /* Supporting Files */ = {
			isa = PBXGroup;
			children = (
				EB9D33021AC1CA0B00347EE5 /* Info.plist */,
			);
			name = "Supporting Files";
			sourceTree = "<group>";
		};
		EBA43FC11AC3238B00B5DC7E /* Entidades */ = {
			isa = PBXGroup;
			children = (
				EBA43FBE1AC3238400B5DC7E /* Alimento.h */,
				EBA43FBF1AC3238400B5DC7E /* Alimento.m */,
				EBA43FC21AC3253E00B5DC7E /* Historico.h */,
				EBA43FC31AC3253E00B5DC7E /* Historico.m */,
				EBA43FC51AC3258700B5DC7E /* Refeicao.h */,
				EBA43FC61AC3258700B5DC7E /* Refeicao.m */,
				EBA43FC81AC326DE00B5DC7E /* AlimentoComposite.h */,
				EBA43FC91AC326DE00B5DC7E /* AlimentoComposite.m */,
			);
			name = Entidades;
			sourceTree = "<group>";
		};
		EBA43FCE1AC328BB00B5DC7E /* Persistencia */ = {
			isa = PBXGroup;
			children = (
				EBA43FCB1AC328B400B5DC7E /* EntityManager.h */,
				EBA43FCC1AC328B400B5DC7E /* EntityManager.m */,
				EBA43FD91AC340E900B5DC7E /* AlimentoDAO.h */,
				EBA43FDA1AC340E900B5DC7E /* AlimentoDAO.m */,
				EBA43FDC1AC3413C00B5DC7E /* HistoricoDAO.h */,
				EBA43FDD1AC3413C00B5DC7E /* HistoricoDAO.m */,
				EBB582251AC47E2B0066644F /* RefeicaoDAO.h */,
				EBB582261AC47E2B0066644F /* RefeicaoDAO.m */,
			);
			name = Persistencia;
			sourceTree = "<group>";
		};
		EBA43FD21AC331FB00B5DC7E /* Database */ = {
			isa = PBXGroup;
			children = (
				EBB581F11AC471180066644F /* alimento.db */,
			);
			name = Database;
			sourceTree = "<group>";
		};
		EBB1B8D91AC4246A002A9CF7 /* Frameworks */ = {
			isa = PBXGroup;
			children = (
				EBA43FD41AC3392200B5DC7E /* libsqlite3.dylib */,
			);
			name = Frameworks;
			sourceTree = "<group>";
		};
/* End PBXGroup section */

/* Begin PBXNativeTarget section */
		EB9D32E01AC1CA0B00347EE5 /* NutriApp */ = {
			isa = PBXNativeTarget;
			buildConfigurationList = EB9D33071AC1CA0B00347EE5 /* Build configuration list for PBXNativeTarget "NutriApp" */;
			buildPhases = (
				EB9D32DD1AC1CA0B00347EE5 /* Sources */,
				EB9D32DE1AC1CA0B00347EE5 /* Frameworks */,
				EB9D32DF1AC1CA0B00347EE5 /* Resources */,
			);
			buildRules = (
			);
			dependencies = (
			);
			name = NutriApp;
			productName = NutriApp;
			productReference = EB9D32E11AC1CA0B00347EE5 /* NutriApp.app */;
			productType = "com.apple.product-type.application";
		};
		EB9D32FC1AC1CA0B00347EE5 /* NutriAppTests */ = {
			isa = PBXNativeTarget;
			buildConfigurationList = EB9D330A1AC1CA0B00347EE5 /* Build configuration list for PBXNativeTarget "NutriAppTests" */;
			buildPhases = (
				EB9D32F91AC1CA0B00347EE5 /* Sources */,
				EB9D32FA1AC1CA0B00347EE5 /* Frameworks */,
				EB9D32FB1AC1CA0B00347EE5 /* Resources */,
			);
			buildRules = (
			);
			dependencies = (
				EB9D32FF1AC1CA0B00347EE5 /* PBXTargetDependency */,
			);
			name = NutriAppTests;
			productName = NutriAppTests;
			productReference = EB9D32FD1AC1CA0B00347EE5 /* NutriAppTests.xctest */;
			productType = "com.apple.product-type.bundle.unit-test";
		};
/* End PBXNativeTarget section */

/* Begin PBXProject section */
		EB9D32D91AC1CA0B00347EE5 /* Project object */ = {
			isa = PBXProject;
			attributes = {
				LastUpgradeCheck = 0620;
				ORGANIZATIONNAME = "Vitor Kawai Sala";
				TargetAttributes = {
					EB9D32E01AC1CA0B00347EE5 = {
						CreatedOnToolsVersion = 6.2;
					};
					EB9D32FC1AC1CA0B00347EE5 = {
						CreatedOnToolsVersion = 6.2;
						TestTargetID = EB9D32E01AC1CA0B00347EE5;
					};
				};
			};
			buildConfigurationList = EB9D32DC1AC1CA0B00347EE5 /* Build configuration list for PBXProject "NutriApp" */;
			compatibilityVersion = "Xcode 3.2";
			developmentRegion = English;
			hasScannedForEncodings = 0;
			knownRegions = (
				en,
				Base,
				English,
			);
			mainGroup = EB9D32D81AC1CA0B00347EE5;
			productRefGroup = EB9D32E21AC1CA0B00347EE5 /* Products */;
			projectDirPath = "";
			projectRoot = "";
			targets = (
				EB9D32E01AC1CA0B00347EE5 /* NutriApp */,
				EB9D32FC1AC1CA0B00347EE5 /* NutriAppTests */,
			);
		};
/* End PBXProject section */

/* Begin PBXResourcesBuildPhase section */
		EB9D32DF1AC1CA0B00347EE5 /* Resources */ = {
			isa = PBXResourcesBuildPhase;
			buildActionMask = 2147483647;
			files = (
				EBB581F21AC4793C0066644F /* alimento.db in Resources */,
				EB9D32F31AC1CA0B00347EE5 /* Main.storyboard in Resources */,
				EB9D32F81AC1CA0B00347EE5 /* LaunchScreen.xib in Resources */,
				EB9D32F51AC1CA0B00347EE5 /* Images.xcassets in Resources */,
			);
			runOnlyForDeploymentPostprocessing = 0;
		};
		EB9D32FB1AC1CA0B00347EE5 /* Resources */ = {
			isa = PBXResourcesBuildPhase;
			buildActionMask = 2147483647;
			files = (
			);
			runOnlyForDeploymentPostprocessing = 0;
		};
/* End PBXResourcesBuildPhase section */

/* Begin PBXSourcesBuildPhase section */
		EB9D32DD1AC1CA0B00347EE5 /* Sources */ = {
			isa = PBXSourcesBuildPhase;
			buildActionMask = 2147483647;
			files = (
				EBA43FC41AC3253E00B5DC7E /* Historico.m in Sources */,
				EB9D32EA1AC1CA0B00347EE5 /* AppDelegate.m in Sources */,
				154511B51AC48389001BED7F /* DiaTableViewController.m in Sources */,
				EBA43FCA1AC326DE00B5DC7E /* AlimentoComposite.m in Sources */,
				EB9D32ED1AC1CA0B00347EE5 /* NutriApp.xcdatamodeld in Sources */,
				EB9D32F01AC1CA0B00347EE5 /* ViewController.m in Sources */,
				EBA43FC01AC3238400B5DC7E /* Alimento.m in Sources */,
				EBA43FCD1AC328B400B5DC7E /* EntityManager.m in Sources */,
				EB9D32E71AC1CA0B00347EE5 /* main.m in Sources */,
				EBA43FC71AC3258700B5DC7E /* Refeicao.m in Sources */,
				154511BB1AC49576001BED7F /* GraficoView.m in Sources */,
				154511B81AC48E9F001BED7F /* ComidasTableViewController.m in Sources */,
				EBA43FDE1AC3413C00B5DC7E /* HistoricoDAO.m in Sources */,
				EBB582271AC47E2B0066644F /* RefeicaoDAO.m in Sources */,
				EBA43FDB1AC340E900B5DC7E /* AlimentoDAO.m in Sources */,
			);
			runOnlyForDeploymentPostprocessing = 0;
		};
		EB9D32F91AC1CA0B00347EE5 /* Sources */ = {
			isa = PBXSourcesBuildPhase;
			buildActionMask = 2147483647;
			files = (
				EB9D33041AC1CA0B00347EE5 /* NutriAppTests.m in Sources */,
			);
			runOnlyForDeploymentPostprocessing = 0;
		};
/* End PBXSourcesBuildPhase section */

/* Begin PBXTargetDependency section */
		EB9D32FF1AC1CA0B00347EE5 /* PBXTargetDependency */ = {
			isa = PBXTargetDependency;
			target = EB9D32E01AC1CA0B00347EE5 /* NutriApp */;
			targetProxy = EB9D32FE1AC1CA0B00347EE5 /* PBXContainerItemProxy */;
		};
/* End PBXTargetDependency section */

/* Begin PBXVariantGroup section */
		EB9D32F11AC1CA0B00347EE5 /* Main.storyboard */ = {
			isa = PBXVariantGroup;
			children = (
				EB9D32F21AC1CA0B00347EE5 /* Base */,
			);
			name = Main.storyboard;
			sourceTree = "<group>";
		};
		EB9D32F61AC1CA0B00347EE5 /* LaunchScreen.xib */ = {
			isa = PBXVariantGroup;
			children = (
				EB9D32F71AC1CA0B00347EE5 /* Base */,
			);
			name = LaunchScreen.xib;
			sourceTree = "<group>";
		};
/* End PBXVariantGroup section */

/* Begin XCBuildConfiguration section */
		EB9D33051AC1CA0B00347EE5 /* Debug */ = {
			isa = XCBuildConfiguration;
			buildSettings = {
				ALWAYS_SEARCH_USER_PATHS = NO;
				CLANG_CXX_LANGUAGE_STANDARD = "gnu++0x";
				CLANG_CXX_LIBRARY = "libc++";
				CLANG_ENABLE_MODULES = YES;
				CLANG_ENABLE_OBJC_ARC = YES;
				CLANG_WARN_BOOL_CONVERSION = YES;
				CLANG_WARN_CONSTANT_CONVERSION = YES;
				CLANG_WARN_DIRECT_OBJC_ISA_USAGE = YES_ERROR;
				CLANG_WARN_EMPTY_BODY = YES;
				CLANG_WARN_ENUM_CONVERSION = YES;
				CLANG_WARN_INT_CONVERSION = YES;
				CLANG_WARN_OBJC_ROOT_CLASS = YES_ERROR;
				CLANG_WARN_UNREACHABLE_CODE = YES;
				CLANG_WARN__DUPLICATE_METHOD_MATCH = YES;
				"CODE_SIGN_IDENTITY[sdk=iphoneos*]" = "iPhone Developer";
				COPY_PHASE_STRIP = NO;
				ENABLE_STRICT_OBJC_MSGSEND = YES;
				GCC_C_LANGUAGE_STANDARD = gnu99;
				GCC_DYNAMIC_NO_PIC = NO;
				GCC_OPTIMIZATION_LEVEL = 0;
				GCC_PREPROCESSOR_DEFINITIONS = (
					"DEBUG=1",
					"$(inherited)",
				);
				GCC_SYMBOLS_PRIVATE_EXTERN = NO;
				GCC_WARN_64_TO_32_BIT_CONVERSION = YES;
				GCC_WARN_ABOUT_RETURN_TYPE = YES_ERROR;
				GCC_WARN_UNDECLARED_SELECTOR = YES;
				GCC_WARN_UNINITIALIZED_AUTOS = YES_AGGRESSIVE;
				GCC_WARN_UNUSED_FUNCTION = YES;
				GCC_WARN_UNUSED_VARIABLE = YES;
				HEADER_SEARCH_PATHS = (
					"$(inherited)",
					/Applications/Xcode.app/Contents/Developer/Toolchains/XcodeDefault.xctoolchain/usr/include,
				);
				IPHONEOS_DEPLOYMENT_TARGET = 8.2;
				MTL_ENABLE_DEBUG_INFO = YES;
				ONLY_ACTIVE_ARCH = YES;
				OTHER_LDFLAGS = "-ObjC";
				SDKROOT = iphoneos;
				TARGETED_DEVICE_FAMILY = "1,2";
			};
			name = Debug;
		};
		EB9D33061AC1CA0B00347EE5 /* Release */ = {
			isa = XCBuildConfiguration;
			buildSettings = {
				ALWAYS_SEARCH_USER_PATHS = NO;
				CLANG_CXX_LANGUAGE_STANDARD = "gnu++0x";
				CLANG_CXX_LIBRARY = "libc++";
				CLANG_ENABLE_MODULES = YES;
				CLANG_ENABLE_OBJC_ARC = YES;
				CLANG_WARN_BOOL_CONVERSION = YES;
				CLANG_WARN_CONSTANT_CONVERSION = YES;
				CLANG_WARN_DIRECT_OBJC_ISA_USAGE = YES_ERROR;
				CLANG_WARN_EMPTY_BODY = YES;
				CLANG_WARN_ENUM_CONVERSION = YES;
				CLANG_WARN_INT_CONVERSION = YES;
				CLANG_WARN_OBJC_ROOT_CLASS = YES_ERROR;
				CLANG_WARN_UNREACHABLE_CODE = YES;
				CLANG_WARN__DUPLICATE_METHOD_MATCH = YES;
				"CODE_SIGN_IDENTITY[sdk=iphoneos*]" = "iPhone Developer";
				COPY_PHASE_STRIP = NO;
				ENABLE_NS_ASSERTIONS = NO;
				ENABLE_STRICT_OBJC_MSGSEND = YES;
				GCC_C_LANGUAGE_STANDARD = gnu99;
				GCC_WARN_64_TO_32_BIT_CONVERSION = YES;
				GCC_WARN_ABOUT_RETURN_TYPE = YES_ERROR;
				GCC_WARN_UNDECLARED_SELECTOR = YES;
				GCC_WARN_UNINITIALIZED_AUTOS = YES_AGGRESSIVE;
				GCC_WARN_UNUSED_FUNCTION = YES;
				GCC_WARN_UNUSED_VARIABLE = YES;
				HEADER_SEARCH_PATHS = (
					"$(inherited)",
					/Applications/Xcode.app/Contents/Developer/Toolchains/XcodeDefault.xctoolchain/usr/include,
				);
				IPHONEOS_DEPLOYMENT_TARGET = 8.2;
				MTL_ENABLE_DEBUG_INFO = NO;
				OTHER_LDFLAGS = "-ObjC";
				SDKROOT = iphoneos;
				TARGETED_DEVICE_FAMILY = "1,2";
				VALIDATE_PRODUCT = YES;
			};
			name = Release;
		};
		EB9D33081AC1CA0B00347EE5 /* Debug */ = {
			isa = XCBuildConfiguration;
			buildSettings = {
				ASSETCATALOG_COMPILER_APPICON_NAME = AppIcon;
				INFOPLIST_FILE = NutriApp/Info.plist;
				LD_RUNPATH_SEARCH_PATHS = "$(inherited) @executable_path/Frameworks";
				PRODUCT_NAME = "$(TARGET_NAME)";
			};
			name = Debug;
		};
		EB9D33091AC1CA0B00347EE5 /* Release */ = {
			isa = XCBuildConfiguration;
			buildSettings = {
				ASSETCATALOG_COMPILER_APPICON_NAME = AppIcon;
				INFOPLIST_FILE = NutriApp/Info.plist;
				LD_RUNPATH_SEARCH_PATHS = "$(inherited) @executable_path/Frameworks";
				PRODUCT_NAME = "$(TARGET_NAME)";
			};
			name = Release;
		};
		EB9D330B1AC1CA0B00347EE5 /* Debug */ = {
			isa = XCBuildConfiguration;
			buildSettings = {
				BUNDLE_LOADER = "$(TEST_HOST)";
				FRAMEWORK_SEARCH_PATHS = (
					"$(SDKROOT)/Developer/Library/Frameworks",
					"$(inherited)",
				);
				GCC_PREPROCESSOR_DEFINITIONS = (
					"DEBUG=1",
					"$(inherited)",
				);
				INFOPLIST_FILE = NutriAppTests/Info.plist;
				LD_RUNPATH_SEARCH_PATHS = "$(inherited) @executable_path/Frameworks @loader_path/Frameworks";
				PRODUCT_NAME = "$(TARGET_NAME)";
				TEST_HOST = "$(BUILT_PRODUCTS_DIR)/NutriApp.app/NutriApp";
			};
			name = Debug;
		};
		EB9D330C1AC1CA0B00347EE5 /* Release */ = {
			isa = XCBuildConfiguration;
			buildSettings = {
				BUNDLE_LOADER = "$(TEST_HOST)";
				FRAMEWORK_SEARCH_PATHS = (
					"$(SDKROOT)/Developer/Library/Frameworks",
					"$(inherited)",
				);
				INFOPLIST_FILE = NutriAppTests/Info.plist;
				LD_RUNPATH_SEARCH_PATHS = "$(inherited) @executable_path/Frameworks @loader_path/Frameworks";
				PRODUCT_NAME = "$(TARGET_NAME)";
				TEST_HOST = "$(BUILT_PRODUCTS_DIR)/NutriApp.app/NutriApp";
			};
			name = Release;
		};
/* End XCBuildConfiguration section */

/* Begin XCConfigurationList section */
		EB9D32DC1AC1CA0B00347EE5 /* Build configuration list for PBXProject "NutriApp" */ = {
			isa = XCConfigurationList;
			buildConfigurations = (
				EB9D33051AC1CA0B00347EE5 /* Debug */,
				EB9D33061AC1CA0B00347EE5 /* Release */,
			);
			defaultConfigurationIsVisible = 0;
			defaultConfigurationName = Release;
		};
		EB9D33071AC1CA0B00347EE5 /* Build configuration list for PBXNativeTarget "NutriApp" */ = {
			isa = XCConfigurationList;
			buildConfigurations = (
				EB9D33081AC1CA0B00347EE5 /* Debug */,
				EB9D33091AC1CA0B00347EE5 /* Release */,
			);
			defaultConfigurationIsVisible = 0;
			defaultConfigurationName = Release;
		};
		EB9D330A1AC1CA0B00347EE5 /* Build configuration list for PBXNativeTarget "NutriAppTests" */ = {
			isa = XCConfigurationList;
			buildConfigurations = (
				EB9D330B1AC1CA0B00347EE5 /* Debug */,
				EB9D330C1AC1CA0B00347EE5 /* Release */,
			);
			defaultConfigurationIsVisible = 0;
			defaultConfigurationName = Release;
		};
/* End XCConfigurationList section */

/* Begin XCVersionGroup section */
		EB9D32EB1AC1CA0B00347EE5 /* NutriApp.xcdatamodeld */ = {
			isa = XCVersionGroup;
			children = (
				EB9D32EC1AC1CA0B00347EE5 /* NutriApp.xcdatamodel */,
			);
			currentVersion = EB9D32EC1AC1CA0B00347EE5 /* NutriApp.xcdatamodel */;
			path = NutriApp.xcdatamodeld;
			sourceTree = "<group>";
			versionGroupType = wrapper.xcdatamodel;
		};
/* End XCVersionGroup section */
	};
	rootObject = EB9D32D91AC1CA0B00347EE5 /* Project object */;
}
